
Microsoft Visual Studio Solution File, Format Version 12.00
# Visual Studio Version 17
VisualStudioVersion = 17.5.33414.496
MinimumVisualStudioVersion = 10.0.40219.1
Project("{FAE04EC0-301F-11D3-BF4B-00C04F79EFBC}") = "campominadooo", "campominadooo\campominadooo.csproj", "{50F8F213-BF4C-42CB-9EB9-960A4DDE5B95}"
EndProject
Global
	GlobalSection(SolutionConfigurationPlatforms) = preSolution
		Debug|Any CPU = Debug|Any CPU
		Release|Any CPU = Release|Any CPU
	EndGlobalSection
	GlobalSection(ProjectConfigurationPlatforms) = postSolution
		{50F8F213-BF4C-42CB-9EB9-960A4DDE5B95}.Debug|Any CPU.ActiveCfg = Debug|Any CPU
		{50F8F213-BF4C-42CB-9EB9-960A4DDE5B95}.Debug|Any CPU.Build.0 = Debug|Any CPU
		{50F8F213-BF4C-42CB-9EB9-960A4DDE5B95}.Release|Any CPU.ActiveCfg = Release|Any CPU
		{50F8F213-BF4C-42CB-9EB9-960A4DDE5B95}.Release|Any CPU.Build.0 = Release|Any CPU
	EndGlobalSection
	GlobalSection(SolutionProperties) = preSolution
		HideSolutionNode = FALSE
	EndGlobalSection
	GlobalSection(ExtensibilityGlobals) = postSolution
		SolutionGuid = {0C0C45FC-9FBF-4149-9C94-1E74D8D8C444}
	EndGlobalSection
EndGlobal
